
Microsoft Visual Studio Solution File, Format Version 12.00
# Visual Studio 15
VisualStudioVersion = 15.0.28307.329
MinimumVisualStudioVersion = 10.0.40219.1
Project("{34036844-64E7-43A5-9151-4AD90E180989}") = "Azure.IoTEdge.Test", "Azure.IoTEdge.Test\Azure.IoTEdge.Test.iotedgeproj", "{6BD32D03-0638-4243-A8EC-BC52C9855FFB}"
EndProject
Project("{9A19103F-16F7-4668-BE54-9A1E7A4F7556}") = "AzureIoTEdgeModule1", "AzureIoTEdgeModule1\AzureIoTEdgeModule1.csproj", "{B826749F-314E-4CCC-9A50-4ECD274199DA}"
EndProject
Global
	GlobalSection(SolutionConfigurationPlatforms) = preSolution
		Debug|Any CPU = Debug|Any CPU
		Release|Any CPU = Release|Any CPU
	EndGlobalSection
	GlobalSection(ProjectConfigurationPlatforms) = postSolution
		{6BD32D03-0638-4243-A8EC-BC52C9855FFB}.Debug|Any CPU.ActiveCfg = Debug|Any CPU
		{6BD32D03-0638-4243-A8EC-BC52C9855FFB}.Debug|Any CPU.Build.0 = Debug|Any CPU
		{6BD32D03-0638-4243-A8EC-BC52C9855FFB}.Release|Any CPU.ActiveCfg = Release|Any CPU
		{6BD32D03-0638-4243-A8EC-BC52C9855FFB}.Release|Any CPU.Build.0 = Release|Any CPU
		{B826749F-314E-4CCC-9A50-4ECD274199DA}.Debug|Any CPU.ActiveCfg = Debug|Any CPU
		{B826749F-314E-4CCC-9A50-4ECD274199DA}.Debug|Any CPU.Build.0 = Debug|Any CPU
		{B826749F-314E-4CCC-9A50-4ECD274199DA}.Release|Any CPU.ActiveCfg = Release|Any CPU
		{B826749F-314E-4CCC-9A50-4ECD274199DA}.Release|Any CPU.Build.0 = Release|Any CPU
	EndGlobalSection
	GlobalSection(SolutionProperties) = preSolution
		HideSolutionNode = FALSE
	EndGlobalSection
	GlobalSection(ExtensibilityGlobals) = postSolution
		SolutionGuid = {6188603F-7EEE-4FC7-80C9-E5117FA950D8}
	EndGlobalSection
EndGlobal
